// !$*UTF8*$!
{
	archiveVersion = 1;
	classes = {
	};
	objectVersion = 55;
	objects = {

/* Begin PBXBuildFile section */
		08FED15BF113DD926CE76D48 /* Pods_SkripsiSKW.framework in Frameworks */ = {isa = PBXBuildFile; fileRef = 86F481335812061D3FC4100D /* Pods_SkripsiSKW.framework */; };
		6006B5B627719AD300177FFB /* BadgesView.swift in Sources */ = {isa = PBXBuildFile; fileRef = 6006B5B527719AD300177FFB /* BadgesView.swift */; };
		6006B5B92771B4DB00177FFB /* BadgesGrid.swift in Sources */ = {isa = PBXBuildFile; fileRef = 6006B5B82771B4DB00177FFB /* BadgesGrid.swift */; };
		7BBFE4C374FA8664FBECA48E /* Pods_SkripsiSKW_SkripsiSKWUITests.framework in Frameworks */ = {isa = PBXBuildFile; fileRef = 91DCE5D29A964E62E220A67F /* Pods_SkripsiSKW_SkripsiSKWUITests.framework */; };
		CFD88E9217A33CFDC1F661E9 /* Pods_SkripsiSKWTests.framework in Frameworks */ = {isa = PBXBuildFile; fileRef = 3AA815118771BF737070232A /* Pods_SkripsiSKWTests.framework */; };
		E1C9B0B927677FAC00611DAE /* GoogleService-Info.plist in Resources */ = {isa = PBXBuildFile; fileRef = E1C9B0B827677FAC00611DAE /* GoogleService-Info.plist */; };
		E1C9B0BB276783CF00611DAE /* AppDelegate.swift in Sources */ = {isa = PBXBuildFile; fileRef = E1C9B0BA276783CF00611DAE /* AppDelegate.swift */; };
		E1C9B0BE2767885A00611DAE /* User.swift in Sources */ = {isa = PBXBuildFile; fileRef = E1C9B0BD2767885A00611DAE /* User.swift */; };
		E1C9B0C1276788BF00611DAE /* AuthManager.swift in Sources */ = {isa = PBXBuildFile; fileRef = E1C9B0C0276788BF00611DAE /* AuthManager.swift */; };
		E1C9B0C42767893800611DAE /* SessionViewModel.swift in Sources */ = {isa = PBXBuildFile; fileRef = E1C9B0C32767893800611DAE /* SessionViewModel.swift */; };
		E1C9B0C627678AC700611DAE /* Decodable+Ext.swift in Sources */ = {isa = PBXBuildFile; fileRef = E1C9B0C527678AC700611DAE /* Decodable+Ext.swift */; };
		E1C9B0CA27678B1600611DAE /* ChallengesView.swift in Sources */ = {isa = PBXBuildFile; fileRef = E1C9B0C927678B1600611DAE /* ChallengesView.swift */; };
		E1C9B0CC27678E7000611DAE /* Encodable+Ext.swift in Sources */ = {isa = PBXBuildFile; fileRef = E1C9B0CB27678E7000611DAE /* Encodable+Ext.swift */; };
		E1C9B0CF2767901D00611DAE /* SignUpViewModel.swift in Sources */ = {isa = PBXBuildFile; fileRef = E1C9B0CE2767901D00611DAE /* SignUpViewModel.swift */; };
		E1C9B0D22767913E00611DAE /* SignInViewModel.swift in Sources */ = {isa = PBXBuildFile; fileRef = E1C9B0D12767913E00611DAE /* SignInViewModel.swift */; };
		E1F32E62276DC54C0072E548 /* Validator.swift in Sources */ = {isa = PBXBuildFile; fileRef = E1F32E61276DC54C0072E548 /* Validator.swift */; };
		E1F32E65276DD2380072E548 /* ActivityIndicator.swift in Sources */ = {isa = PBXBuildFile; fileRef = E1F32E64276DD2380072E548 /* ActivityIndicator.swift */; };
		E1F32E67276DD2B20072E548 /* ErrorText.swift in Sources */ = {isa = PBXBuildFile; fileRef = E1F32E66276DD2B20072E548 /* ErrorText.swift */; };
		E1F32E69276DEDAD0072E548 /* LoadingCard.swift in Sources */ = {isa = PBXBuildFile; fileRef = E1F32E68276DEDAD0072E548 /* LoadingCard.swift */; };
		E1F88CFA276428F500357A45 /* SkripsiSKWApp.swift in Sources */ = {isa = PBXBuildFile; fileRef = E1F88CF9276428F500357A45 /* SkripsiSKWApp.swift */; };
		E1F88CFC276428F500357A45 /* ContentView.swift in Sources */ = {isa = PBXBuildFile; fileRef = E1F88CFB276428F500357A45 /* ContentView.swift */; };
		E1F88CFE276428F600357A45 /* Assets.xcassets in Resources */ = {isa = PBXBuildFile; fileRef = E1F88CFD276428F600357A45 /* Assets.xcassets */; };
		E1F88D01276428F600357A45 /* Preview Assets.xcassets in Resources */ = {isa = PBXBuildFile; fileRef = E1F88D00276428F600357A45 /* Preview Assets.xcassets */; };
		E1F88D0B276428F600357A45 /* SkripsiSKWTests.swift in Sources */ = {isa = PBXBuildFile; fileRef = E1F88D0A276428F600357A45 /* SkripsiSKWTests.swift */; };
		E1F88D15276428F600357A45 /* SkripsiSKWUITests.swift in Sources */ = {isa = PBXBuildFile; fileRef = E1F88D14276428F600357A45 /* SkripsiSKWUITests.swift */; };
		E1F88D17276428F600357A45 /* SkripsiSKWUITestsLaunchTests.swift in Sources */ = {isa = PBXBuildFile; fileRef = E1F88D16276428F600357A45 /* SkripsiSKWUITestsLaunchTests.swift */; };
		E1F88D292764511200357A45 /* Color+Ext.swift in Sources */ = {isa = PBXBuildFile; fileRef = E1F88D282764511200357A45 /* Color+Ext.swift */; };
		E1F88D30276452AC00357A45 /* SignInView.swift in Sources */ = {isa = PBXBuildFile; fileRef = E1F88D2F276452AC00357A45 /* SignInView.swift */; };
		E1F88D3327645B1100357A45 /* FormField.swift in Sources */ = {isa = PBXBuildFile; fileRef = E1F88D3227645B1100357A45 /* FormField.swift */; };
		E1F88D352764723800357A45 /* RoundedButton.swift in Sources */ = {isa = PBXBuildFile; fileRef = E1F88D342764723800357A45 /* RoundedButton.swift */; };
		E1F88D38276472E700357A45 /* Screen.swift in Sources */ = {isa = PBXBuildFile; fileRef = E1F88D37276472E700357A45 /* Screen.swift */; };
		E1F88D3C2764BB9B00357A45 /* SignUpView.swift in Sources */ = {isa = PBXBuildFile; fileRef = E1F88D3B2764BB9B00357A45 /* SignUpView.swift */; };
/* End PBXBuildFile section */

/* Begin PBXContainerItemProxy section */
		E1F88D07276428F600357A45 /* PBXContainerItemProxy */ = {
			isa = PBXContainerItemProxy;
			containerPortal = E1F88CEE276428F500357A45 /* Project object */;
			proxyType = 1;
			remoteGlobalIDString = E1F88CF5276428F500357A45;
			remoteInfo = SkripsiSKW;
		};
		E1F88D11276428F600357A45 /* PBXContainerItemProxy */ = {
			isa = PBXContainerItemProxy;
			containerPortal = E1F88CEE276428F500357A45 /* Project object */;
			proxyType = 1;
			remoteGlobalIDString = E1F88CF5276428F500357A45;
			remoteInfo = SkripsiSKW;
		};
/* End PBXContainerItemProxy section */

/* Begin PBXFileReference section */
		2DF39FE1CA26C36D5F54FB87 /* Pods-SkripsiSKW.release.xcconfig */ = {isa = PBXFileReference; includeInIndex = 1; lastKnownFileType = text.xcconfig; name = "Pods-SkripsiSKW.release.xcconfig"; path = "Target Support Files/Pods-SkripsiSKW/Pods-SkripsiSKW.release.xcconfig"; sourceTree = "<group>"; };
		3AA815118771BF737070232A /* Pods_SkripsiSKWTests.framework */ = {isa = PBXFileReference; explicitFileType = wrapper.framework; includeInIndex = 0; path = Pods_SkripsiSKWTests.framework; sourceTree = BUILT_PRODUCTS_DIR; };
		40EDACAC5A9A5A5D5D4F49D1 /* Pods-SkripsiSKWTests.release.xcconfig */ = {isa = PBXFileReference; includeInIndex = 1; lastKnownFileType = text.xcconfig; name = "Pods-SkripsiSKWTests.release.xcconfig"; path = "Target Support Files/Pods-SkripsiSKWTests/Pods-SkripsiSKWTests.release.xcconfig"; sourceTree = "<group>"; };
		43425A1B2668FFB659F9BC87 /* Pods-SkripsiSKWTests.debug.xcconfig */ = {isa = PBXFileReference; includeInIndex = 1; lastKnownFileType = text.xcconfig; name = "Pods-SkripsiSKWTests.debug.xcconfig"; path = "Target Support Files/Pods-SkripsiSKWTests/Pods-SkripsiSKWTests.debug.xcconfig"; sourceTree = "<group>"; };
		6006B5B527719AD300177FFB /* BadgesView.swift */ = {isa = PBXFileReference; lastKnownFileType = sourcecode.swift; path = BadgesView.swift; sourceTree = "<group>"; };
		6006B5B82771B4DB00177FFB /* BadgesGrid.swift */ = {isa = PBXFileReference; lastKnownFileType = sourcecode.swift; path = BadgesGrid.swift; sourceTree = "<group>"; };
		86F481335812061D3FC4100D /* Pods_SkripsiSKW.framework */ = {isa = PBXFileReference; explicitFileType = wrapper.framework; includeInIndex = 0; path = Pods_SkripsiSKW.framework; sourceTree = BUILT_PRODUCTS_DIR; };
		8838076E1490E903C83A6062 /* Pods-SkripsiSKW-SkripsiSKWUITests.debug.xcconfig */ = {isa = PBXFileReference; includeInIndex = 1; lastKnownFileType = text.xcconfig; name = "Pods-SkripsiSKW-SkripsiSKWUITests.debug.xcconfig"; path = "Target Support Files/Pods-SkripsiSKW-SkripsiSKWUITests/Pods-SkripsiSKW-SkripsiSKWUITests.debug.xcconfig"; sourceTree = "<group>"; };
		91DCE5D29A964E62E220A67F /* Pods_SkripsiSKW_SkripsiSKWUITests.framework */ = {isa = PBXFileReference; explicitFileType = wrapper.framework; includeInIndex = 0; path = Pods_SkripsiSKW_SkripsiSKWUITests.framework; sourceTree = BUILT_PRODUCTS_DIR; };
		96565C964DF2ACB2F357A178 /* Pods-SkripsiSKW.debug.xcconfig */ = {isa = PBXFileReference; includeInIndex = 1; lastKnownFileType = text.xcconfig; name = "Pods-SkripsiSKW.debug.xcconfig"; path = "Target Support Files/Pods-SkripsiSKW/Pods-SkripsiSKW.debug.xcconfig"; sourceTree = "<group>"; };
		B3671EDFA3CF35AEC2BF12B3 /* Pods-SkripsiSKW-SkripsiSKWUITests.release.xcconfig */ = {isa = PBXFileReference; includeInIndex = 1; lastKnownFileType = text.xcconfig; name = "Pods-SkripsiSKW-SkripsiSKWUITests.release.xcconfig"; path = "Target Support Files/Pods-SkripsiSKW-SkripsiSKWUITests/Pods-SkripsiSKW-SkripsiSKWUITests.release.xcconfig"; sourceTree = "<group>"; };
		E1C9B0B827677FAC00611DAE /* GoogleService-Info.plist */ = {isa = PBXFileReference; fileEncoding = 4; lastKnownFileType = text.plist.xml; path = "GoogleService-Info.plist"; sourceTree = "<group>"; };
		E1C9B0BA276783CF00611DAE /* AppDelegate.swift */ = {isa = PBXFileReference; lastKnownFileType = sourcecode.swift; path = AppDelegate.swift; sourceTree = "<group>"; };
		E1C9B0BD2767885A00611DAE /* User.swift */ = {isa = PBXFileReference; lastKnownFileType = sourcecode.swift; path = User.swift; sourceTree = "<group>"; };
		E1C9B0C0276788BF00611DAE /* AuthManager.swift */ = {isa = PBXFileReference; lastKnownFileType = sourcecode.swift; path = AuthManager.swift; sourceTree = "<group>"; };
		E1C9B0C32767893800611DAE /* SessionViewModel.swift */ = {isa = PBXFileReference; lastKnownFileType = sourcecode.swift; path = SessionViewModel.swift; sourceTree = "<group>"; };
		E1C9B0C527678AC700611DAE /* Decodable+Ext.swift */ = {isa = PBXFileReference; lastKnownFileType = sourcecode.swift; path = "Decodable+Ext.swift"; sourceTree = "<group>"; };
		E1C9B0C927678B1600611DAE /* ChallengesView.swift */ = {isa = PBXFileReference; lastKnownFileType = sourcecode.swift; path = ChallengesView.swift; sourceTree = "<group>"; };
		E1C9B0CB27678E7000611DAE /* Encodable+Ext.swift */ = {isa = PBXFileReference; lastKnownFileType = sourcecode.swift; path = "Encodable+Ext.swift"; sourceTree = "<group>"; };
		E1C9B0CE2767901D00611DAE /* SignUpViewModel.swift */ = {isa = PBXFileReference; lastKnownFileType = sourcecode.swift; path = SignUpViewModel.swift; sourceTree = "<group>"; };
		E1C9B0D12767913E00611DAE /* SignInViewModel.swift */ = {isa = PBXFileReference; lastKnownFileType = sourcecode.swift; path = SignInViewModel.swift; sourceTree = "<group>"; };
		E1F32E61276DC54C0072E548 /* Validator.swift */ = {isa = PBXFileReference; lastKnownFileType = sourcecode.swift; path = Validator.swift; sourceTree = "<group>"; };
		E1F32E64276DD2380072E548 /* ActivityIndicator.swift */ = {isa = PBXFileReference; lastKnownFileType = sourcecode.swift; path = ActivityIndicator.swift; sourceTree = "<group>"; };
		E1F32E66276DD2B20072E548 /* ErrorText.swift */ = {isa = PBXFileReference; lastKnownFileType = sourcecode.swift; path = ErrorText.swift; sourceTree = "<group>"; };
		E1F32E68276DEDAD0072E548 /* LoadingCard.swift */ = {isa = PBXFileReference; lastKnownFileType = sourcecode.swift; path = LoadingCard.swift; sourceTree = "<group>"; };
		E1F88CF6276428F500357A45 /* SkripsiSKW.app */ = {isa = PBXFileReference; explicitFileType = wrapper.application; includeInIndex = 0; path = SkripsiSKW.app; sourceTree = BUILT_PRODUCTS_DIR; };
		E1F88CF9276428F500357A45 /* SkripsiSKWApp.swift */ = {isa = PBXFileReference; lastKnownFileType = sourcecode.swift; path = SkripsiSKWApp.swift; sourceTree = "<group>"; };
		E1F88CFB276428F500357A45 /* ContentView.swift */ = {isa = PBXFileReference; lastKnownFileType = sourcecode.swift; path = ContentView.swift; sourceTree = "<group>"; };
		E1F88CFD276428F600357A45 /* Assets.xcassets */ = {isa = PBXFileReference; lastKnownFileType = folder.assetcatalog; path = Assets.xcassets; sourceTree = "<group>"; };
		E1F88D00276428F600357A45 /* Preview Assets.xcassets */ = {isa = PBXFileReference; lastKnownFileType = folder.assetcatalog; path = "Preview Assets.xcassets"; sourceTree = "<group>"; };
		E1F88D06276428F600357A45 /* SkripsiSKWTests.xctest */ = {isa = PBXFileReference; explicitFileType = wrapper.cfbundle; includeInIndex = 0; path = SkripsiSKWTests.xctest; sourceTree = BUILT_PRODUCTS_DIR; };
		E1F88D0A276428F600357A45 /* SkripsiSKWTests.swift */ = {isa = PBXFileReference; lastKnownFileType = sourcecode.swift; path = SkripsiSKWTests.swift; sourceTree = "<group>"; };
		E1F88D10276428F600357A45 /* SkripsiSKWUITests.xctest */ = {isa = PBXFileReference; explicitFileType = wrapper.cfbundle; includeInIndex = 0; path = SkripsiSKWUITests.xctest; sourceTree = BUILT_PRODUCTS_DIR; };
		E1F88D14276428F600357A45 /* SkripsiSKWUITests.swift */ = {isa = PBXFileReference; lastKnownFileType = sourcecode.swift; path = SkripsiSKWUITests.swift; sourceTree = "<group>"; };
		E1F88D16276428F600357A45 /* SkripsiSKWUITestsLaunchTests.swift */ = {isa = PBXFileReference; lastKnownFileType = sourcecode.swift; path = SkripsiSKWUITestsLaunchTests.swift; sourceTree = "<group>"; };
		E1F88D282764511200357A45 /* Color+Ext.swift */ = {isa = PBXFileReference; lastKnownFileType = sourcecode.swift; path = "Color+Ext.swift"; sourceTree = "<group>"; };
		E1F88D2F276452AC00357A45 /* SignInView.swift */ = {isa = PBXFileReference; lastKnownFileType = sourcecode.swift; path = SignInView.swift; sourceTree = "<group>"; };
		E1F88D3227645B1100357A45 /* FormField.swift */ = {isa = PBXFileReference; lastKnownFileType = sourcecode.swift; path = FormField.swift; sourceTree = "<group>"; };
		E1F88D342764723800357A45 /* RoundedButton.swift */ = {isa = PBXFileReference; lastKnownFileType = sourcecode.swift; path = RoundedButton.swift; sourceTree = "<group>"; };
		E1F88D37276472E700357A45 /* Screen.swift */ = {isa = PBXFileReference; lastKnownFileType = sourcecode.swift; path = Screen.swift; sourceTree = "<group>"; };
		E1F88D3B2764BB9B00357A45 /* SignUpView.swift */ = {isa = PBXFileReference; lastKnownFileType = sourcecode.swift; path = SignUpView.swift; sourceTree = "<group>"; };
/* End PBXFileReference section */

/* Begin PBXFrameworksBuildPhase section */
		E1F88CF3276428F500357A45 /* Frameworks */ = {
			isa = PBXFrameworksBuildPhase;
			buildActionMask = 2147483647;
			files = (
				08FED15BF113DD926CE76D48 /* Pods_SkripsiSKW.framework in Frameworks */,
			);
			runOnlyForDeploymentPostprocessing = 0;
		};
		E1F88D03276428F600357A45 /* Frameworks */ = {
			isa = PBXFrameworksBuildPhase;
			buildActionMask = 2147483647;
			files = (
				CFD88E9217A33CFDC1F661E9 /* Pods_SkripsiSKWTests.framework in Frameworks */,
			);
			runOnlyForDeploymentPostprocessing = 0;
		};
		E1F88D0D276428F600357A45 /* Frameworks */ = {
			isa = PBXFrameworksBuildPhase;
			buildActionMask = 2147483647;
			files = (
				7BBFE4C374FA8664FBECA48E /* Pods_SkripsiSKW_SkripsiSKWUITests.framework in Frameworks */,
			);
			runOnlyForDeploymentPostprocessing = 0;
		};
/* End PBXFrameworksBuildPhase section */

/* Begin PBXGroup section */
		6006B5B327708A7D00177FFB /* Badges */ = {
			isa = PBXGroup;
			children = (
				6006B5B72771B18200177FFB /* Component */,
				6006B5B4277198D100177FFB /* Views */,
			);
			path = Badges;
			sourceTree = "<group>";
		};
		6006B5B4277198D100177FFB /* Views */ = {
			isa = PBXGroup;
			children = (
				6006B5B527719AD300177FFB /* BadgesView.swift */,
			);
			path = Views;
			sourceTree = "<group>";
		};
		6006B5B72771B18200177FFB /* Component */ = {
			isa = PBXGroup;
			children = (
				6006B5B82771B4DB00177FFB /* BadgesGrid.swift */,
			);
			path = Component;
			sourceTree = "<group>";
		};
		90CE4EC55003718049573A17 /* Frameworks */ = {
			isa = PBXGroup;
			children = (
				86F481335812061D3FC4100D /* Pods_SkripsiSKW.framework */,
				91DCE5D29A964E62E220A67F /* Pods_SkripsiSKW_SkripsiSKWUITests.framework */,
				3AA815118771BF737070232A /* Pods_SkripsiSKWTests.framework */,
			);
			name = Frameworks;
			sourceTree = "<group>";
		};
		B4C197C00F0D62568E400C1F /* Pods */ = {
			isa = PBXGroup;
			children = (
				96565C964DF2ACB2F357A178 /* Pods-SkripsiSKW.debug.xcconfig */,
				2DF39FE1CA26C36D5F54FB87 /* Pods-SkripsiSKW.release.xcconfig */,
				8838076E1490E903C83A6062 /* Pods-SkripsiSKW-SkripsiSKWUITests.debug.xcconfig */,
				B3671EDFA3CF35AEC2BF12B3 /* Pods-SkripsiSKW-SkripsiSKWUITests.release.xcconfig */,
				43425A1B2668FFB659F9BC87 /* Pods-SkripsiSKWTests.debug.xcconfig */,
				40EDACAC5A9A5A5D5D4F49D1 /* Pods-SkripsiSKWTests.release.xcconfig */,
			);
			path = Pods;
			sourceTree = "<group>";
		};
		E1C9B0BC2767880B00611DAE /* Models */ = {
			isa = PBXGroup;
			children = (
				E1C9B0BD2767885A00611DAE /* User.swift */,
			);
			path = Models;
			sourceTree = "<group>";
		};
		E1C9B0BF276788AC00611DAE /* Managers */ = {
			isa = PBXGroup;
			children = (
				E1C9B0C0276788BF00611DAE /* AuthManager.swift */,
			);
			path = Managers;
			sourceTree = "<group>";
		};
		E1C9B0C22767891E00611DAE /* ViewModels */ = {
			isa = PBXGroup;
			children = (
				E1C9B0C32767893800611DAE /* SessionViewModel.swift */,
			);
			path = ViewModels;
			sourceTree = "<group>";
		};
		E1C9B0C727678AFC00611DAE /* Challenges */ = {
			isa = PBXGroup;
			children = (
				E1C9B0C827678B0900611DAE /* Views */,
			);
			path = Challenges;
			sourceTree = "<group>";
		};
		E1C9B0C827678B0900611DAE /* Views */ = {
			isa = PBXGroup;
			children = (
				E1C9B0C927678B1600611DAE /* ChallengesView.swift */,
			);
			path = Views;
			sourceTree = "<group>";
		};
		E1C9B0CD2767900F00611DAE /* ViewModel */ = {
			isa = PBXGroup;
			children = (
				E1C9B0CE2767901D00611DAE /* SignUpViewModel.swift */,
			);
			path = ViewModel;
			sourceTree = "<group>";
		};
		E1C9B0D02767913300611DAE /* ViewModel */ = {
			isa = PBXGroup;
			children = (
				E1C9B0D12767913E00611DAE /* SignInViewModel.swift */,
			);
			path = ViewModel;
			sourceTree = "<group>";
		};
		E1F32E63276DD21E0072E548 /* UIKit */ = {
			isa = PBXGroup;
			children = (
				E1F32E64276DD2380072E548 /* ActivityIndicator.swift */,
			);
			path = UIKit;
			sourceTree = "<group>";
		};
		E1F88CED276428F500357A45 = {
			isa = PBXGroup;
			children = (
				E1F88CF8276428F500357A45 /* SkripsiSKW */,
				E1F88D09276428F600357A45 /* SkripsiSKWTests */,
				E1F88D13276428F600357A45 /* SkripsiSKWUITests */,
				E1F88CF7276428F500357A45 /* Products */,
				B4C197C00F0D62568E400C1F /* Pods */,
				90CE4EC55003718049573A17 /* Frameworks */,
			);
			sourceTree = "<group>";
		};
		E1F88CF7276428F500357A45 /* Products */ = {
			isa = PBXGroup;
			children = (
				E1F88CF6276428F500357A45 /* SkripsiSKW.app */,
				E1F88D06276428F600357A45 /* SkripsiSKWTests.xctest */,
				E1F88D10276428F600357A45 /* SkripsiSKWUITests.xctest */,
			);
			name = Products;
			sourceTree = "<group>";
		};
		E1F88CF8276428F500357A45 /* SkripsiSKW */ = {
			isa = PBXGroup;
			children = (
				6006B5B327708A7D00177FFB /* Badges */,
				E1F88D26276450F100357A45 /* App */,
				E1F88D25276450E400357A45 /* Navigation */,
				E1F88D2B2764515F00357A45 /* Authentication */,
				E1C9B0C727678AFC00611DAE /* Challenges */,
				E1F88D23276450D700357A45 /* Utils */,
				E1F88D24276450DC00357A45 /* Resources */,
				E1F88CFF276428F600357A45 /* Preview Content */,
				E1C9B0B827677FAC00611DAE /* GoogleService-Info.plist */,
			);
			path = SkripsiSKW;
			sourceTree = "<group>";
		};
		E1F88CFF276428F600357A45 /* Preview Content */ = {
			isa = PBXGroup;
			children = (
				E1F88D00276428F600357A45 /* Preview Assets.xcassets */,
			);
			path = "Preview Content";
			sourceTree = "<group>";
		};
		E1F88D09276428F600357A45 /* SkripsiSKWTests */ = {
			isa = PBXGroup;
			children = (
				E1F88D0A276428F600357A45 /* SkripsiSKWTests.swift */,
			);
			path = SkripsiSKWTests;
			sourceTree = "<group>";
		};
		E1F88D13276428F600357A45 /* SkripsiSKWUITests */ = {
			isa = PBXGroup;
			children = (
				E1F88D14276428F600357A45 /* SkripsiSKWUITests.swift */,
				E1F88D16276428F600357A45 /* SkripsiSKWUITestsLaunchTests.swift */,
			);
			path = SkripsiSKWUITests;
			sourceTree = "<group>";
		};
		E1F88D23276450D700357A45 /* Utils */ = {
			isa = PBXGroup;
			children = (
				E1F88D36276472D200357A45 /* Helpers */,
				E1F88D3127645B0200357A45 /* Components */,
				E1F88D272764510000357A45 /* Extensions */,
			);
			path = Utils;
			sourceTree = "<group>";
		};
		E1F88D24276450DC00357A45 /* Resources */ = {
			isa = PBXGroup;
			children = (
				E1F88CFD276428F600357A45 /* Assets.xcassets */,
			);
			path = Resources;
			sourceTree = "<group>";
		};
		E1F88D25276450E400357A45 /* Navigation */ = {
			isa = PBXGroup;
			children = (
				E1F88CFB276428F500357A45 /* ContentView.swift */,
			);
			path = Navigation;
			sourceTree = "<group>";
		};
		E1F88D26276450F100357A45 /* App */ = {
			isa = PBXGroup;
			children = (
				E1F88CF9276428F500357A45 /* SkripsiSKWApp.swift */,
				E1C9B0BA276783CF00611DAE /* AppDelegate.swift */,
			);
			path = App;
			sourceTree = "<group>";
		};
		E1F88D272764510000357A45 /* Extensions */ = {
			isa = PBXGroup;
			children = (
				E1F88D282764511200357A45 /* Color+Ext.swift */,
				E1C9B0C527678AC700611DAE /* Decodable+Ext.swift */,
				E1C9B0CB27678E7000611DAE /* Encodable+Ext.swift */,
			);
			path = Extensions;
			sourceTree = "<group>";
		};
		E1F88D2B2764515F00357A45 /* Authentication */ = {
			isa = PBXGroup;
			children = (
				E1C9B0C22767891E00611DAE /* ViewModels */,
				E1C9B0BC2767880B00611DAE /* Models */,
				E1C9B0BF276788AC00611DAE /* Managers */,
				E1F88D392764BB8900357A45 /* SignUp */,
				E1F88D2C2764527800357A45 /* SignIn */,
			);
			path = Authentication;
			sourceTree = "<group>";
		};
		E1F88D2C2764527800357A45 /* SignIn */ = {
			isa = PBXGroup;
			children = (
				E1C9B0D02767913300611DAE /* ViewModel */,
				E1F88D2D2764528C00357A45 /* Views */,
			);
			path = SignIn;
			sourceTree = "<group>";
		};
		E1F88D2D2764528C00357A45 /* Views */ = {
			isa = PBXGroup;
			children = (
				E1F88D2F276452AC00357A45 /* SignInView.swift */,
			);
			path = Views;
			sourceTree = "<group>";
		};
		E1F88D3127645B0200357A45 /* Components */ = {
			isa = PBXGroup;
			children = (
				E1F32E63276DD21E0072E548 /* UIKit */,
				E1F88D3227645B1100357A45 /* FormField.swift */,
				E1F88D342764723800357A45 /* RoundedButton.swift */,
				E1F32E66276DD2B20072E548 /* ErrorText.swift */,
				E1F32E68276DEDAD0072E548 /* LoadingCard.swift */,
			);
			path = Components;
			sourceTree = "<group>";
		};
		E1F88D36276472D200357A45 /* Helpers */ = {
			isa = PBXGroup;
			children = (
				E1F32E61276DC54C0072E548 /* Validator.swift */,
				E1F88D37276472E700357A45 /* Screen.swift */,
			);
			path = Helpers;
			sourceTree = "<group>";
		};
		E1F88D392764BB8900357A45 /* SignUp */ = {
			isa = PBXGroup;
			children = (
				E1C9B0CD2767900F00611DAE /* ViewModel */,
				E1F88D3A2764BB8F00357A45 /* Views */,
			);
			path = SignUp;
			sourceTree = "<group>";
		};
		E1F88D3A2764BB8F00357A45 /* Views */ = {
			isa = PBXGroup;
			children = (
				E1F88D3B2764BB9B00357A45 /* SignUpView.swift */,
			);
			path = Views;
			sourceTree = "<group>";
		};
/* End PBXGroup section */

/* Begin PBXNativeTarget section */
		E1F88CF5276428F500357A45 /* SkripsiSKW */ = {
			isa = PBXNativeTarget;
			buildConfigurationList = E1F88D1A276428F600357A45 /* Build configuration list for PBXNativeTarget "SkripsiSKW" */;
			buildPhases = (
				96AB102E09A442FC208BA242 /* [CP] Check Pods Manifest.lock */,
				E1F88CF2276428F500357A45 /* Sources */,
				E1F88CF3276428F500357A45 /* Frameworks */,
				E1F88CF4276428F500357A45 /* Resources */,
				4BAA6905EF826408D7B08CCC /* [CP] Embed Pods Frameworks */,
			);
			buildRules = (
			);
			dependencies = (
			);
			name = SkripsiSKW;
			productName = SkripsiSKW;
			productReference = E1F88CF6276428F500357A45 /* SkripsiSKW.app */;
			productType = "com.apple.product-type.application";
		};
		E1F88D05276428F600357A45 /* SkripsiSKWTests */ = {
			isa = PBXNativeTarget;
			buildConfigurationList = E1F88D1D276428F600357A45 /* Build configuration list for PBXNativeTarget "SkripsiSKWTests" */;
			buildPhases = (
				E075D93D445B7760DEF7BB4D /* [CP] Check Pods Manifest.lock */,
				E1F88D02276428F600357A45 /* Sources */,
				E1F88D03276428F600357A45 /* Frameworks */,
				E1F88D04276428F600357A45 /* Resources */,
			);
			buildRules = (
			);
			dependencies = (
				E1F88D08276428F600357A45 /* PBXTargetDependency */,
			);
			name = SkripsiSKWTests;
			productName = SkripsiSKWTests;
			productReference = E1F88D06276428F600357A45 /* SkripsiSKWTests.xctest */;
			productType = "com.apple.product-type.bundle.unit-test";
		};
		E1F88D0F276428F600357A45 /* SkripsiSKWUITests */ = {
			isa = PBXNativeTarget;
			buildConfigurationList = E1F88D20276428F600357A45 /* Build configuration list for PBXNativeTarget "SkripsiSKWUITests" */;
			buildPhases = (
				342AFD9F3D5365C01BD12DF1 /* [CP] Check Pods Manifest.lock */,
				E1F88D0C276428F600357A45 /* Sources */,
				E1F88D0D276428F600357A45 /* Frameworks */,
				E1F88D0E276428F600357A45 /* Resources */,
				F513DE8DCD7E8C68CC75FE16 /* [CP] Embed Pods Frameworks */,
			);
			buildRules = (
			);
			dependencies = (
				E1F88D12276428F600357A45 /* PBXTargetDependency */,
			);
			name = SkripsiSKWUITests;
			productName = SkripsiSKWUITests;
			productReference = E1F88D10276428F600357A45 /* SkripsiSKWUITests.xctest */;
			productType = "com.apple.product-type.bundle.ui-testing";
		};
/* End PBXNativeTarget section */

/* Begin PBXProject section */
		E1F88CEE276428F500357A45 /* Project object */ = {
			isa = PBXProject;
			attributes = {
				BuildIndependentTargetsInParallel = 1;
				LastSwiftUpdateCheck = 1310;
				LastUpgradeCheck = 1310;
				TargetAttributes = {
					E1F88CF5276428F500357A45 = {
						CreatedOnToolsVersion = 13.1;
					};
					E1F88D05276428F600357A45 = {
						CreatedOnToolsVersion = 13.1;
						TestTargetID = E1F88CF5276428F500357A45;
					};
					E1F88D0F276428F600357A45 = {
						CreatedOnToolsVersion = 13.1;
						TestTargetID = E1F88CF5276428F500357A45;
					};
				};
			};
			buildConfigurationList = E1F88CF1276428F500357A45 /* Build configuration list for PBXProject "SkripsiSKW" */;
			compatibilityVersion = "Xcode 13.0";
			developmentRegion = en;
			hasScannedForEncodings = 0;
			knownRegions = (
				en,
				Base,
			);
			mainGroup = E1F88CED276428F500357A45;
			productRefGroup = E1F88CF7276428F500357A45 /* Products */;
			projectDirPath = "";
			projectRoot = "";
			targets = (
				E1F88CF5276428F500357A45 /* SkripsiSKW */,
				E1F88D05276428F600357A45 /* SkripsiSKWTests */,
				E1F88D0F276428F600357A45 /* SkripsiSKWUITests */,
			);
		};
/* End PBXProject section */

/* Begin PBXResourcesBuildPhase section */
		E1F88CF4276428F500357A45 /* Resources */ = {
			isa = PBXResourcesBuildPhase;
			buildActionMask = 2147483647;
			files = (
				E1F88D01276428F600357A45 /* Preview Assets.xcassets in Resources */,
				E1C9B0B927677FAC00611DAE /* GoogleService-Info.plist in Resources */,
				E1F88CFE276428F600357A45 /* Assets.xcassets in Resources */,
			);
			runOnlyForDeploymentPostprocessing = 0;
		};
		E1F88D04276428F600357A45 /* Resources */ = {
			isa = PBXResourcesBuildPhase;
			buildActionMask = 2147483647;
			files = (
			);
			runOnlyForDeploymentPostprocessing = 0;
		};
		E1F88D0E276428F600357A45 /* Resources */ = {
			isa = PBXResourcesBuildPhase;
			buildActionMask = 2147483647;
			files = (
			);
			runOnlyForDeploymentPostprocessing = 0;
		};
/* End PBXResourcesBuildPhase section */

/* Begin PBXShellScriptBuildPhase section */
		342AFD9F3D5365C01BD12DF1 /* [CP] Check Pods Manifest.lock */ = {
			isa = PBXShellScriptBuildPhase;
			buildActionMask = 2147483647;
			files = (
			);
			inputFileListPaths = (
			);
			inputPaths = (
				"${PODS_PODFILE_DIR_PATH}/Podfile.lock",
				"${PODS_ROOT}/Manifest.lock",
			);
			name = "[CP] Check Pods Manifest.lock";
			outputFileListPaths = (
			);
			outputPaths = (
				"$(DERIVED_FILE_DIR)/Pods-SkripsiSKW-SkripsiSKWUITests-checkManifestLockResult.txt",
			);
			runOnlyForDeploymentPostprocessing = 0;
			shellPath = /bin/sh;
			shellScript = "diff \"${PODS_PODFILE_DIR_PATH}/Podfile.lock\" \"${PODS_ROOT}/Manifest.lock\" > /dev/null\nif [ $? != 0 ] ; then\n    # print error to STDERR\n    echo \"error: The sandbox is not in sync with the Podfile.lock. Run 'pod install' or update your CocoaPods installation.\" >&2\n    exit 1\nfi\n# This output is used by Xcode 'outputs' to avoid re-running this script phase.\necho \"SUCCESS\" > \"${SCRIPT_OUTPUT_FILE_0}\"\n";
			showEnvVarsInLog = 0;
		};
		4BAA6905EF826408D7B08CCC /* [CP] Embed Pods Frameworks */ = {
			isa = PBXShellScriptBuildPhase;
			buildActionMask = 2147483647;
			files = (
			);
			inputFileListPaths = (
				"${PODS_ROOT}/Target Support Files/Pods-SkripsiSKW/Pods-SkripsiSKW-frameworks-${CONFIGURATION}-input-files.xcfilelist",
			);
			name = "[CP] Embed Pods Frameworks";
			outputFileListPaths = (
				"${PODS_ROOT}/Target Support Files/Pods-SkripsiSKW/Pods-SkripsiSKW-frameworks-${CONFIGURATION}-output-files.xcfilelist",
			);
			runOnlyForDeploymentPostprocessing = 0;
			shellPath = /bin/sh;
			shellScript = "\"${PODS_ROOT}/Target Support Files/Pods-SkripsiSKW/Pods-SkripsiSKW-frameworks.sh\"\n";
			showEnvVarsInLog = 0;
		};
		96AB102E09A442FC208BA242 /* [CP] Check Pods Manifest.lock */ = {
			isa = PBXShellScriptBuildPhase;
			buildActionMask = 2147483647;
			files = (
			);
			inputFileListPaths = (
			);
			inputPaths = (
				"${PODS_PODFILE_DIR_PATH}/Podfile.lock",
				"${PODS_ROOT}/Manifest.lock",
			);
			name = "[CP] Check Pods Manifest.lock";
			outputFileListPaths = (
			);
			outputPaths = (
				"$(DERIVED_FILE_DIR)/Pods-SkripsiSKW-checkManifestLockResult.txt",
			);
			runOnlyForDeploymentPostprocessing = 0;
			shellPath = /bin/sh;
			shellScript = "diff \"${PODS_PODFILE_DIR_PATH}/Podfile.lock\" \"${PODS_ROOT}/Manifest.lock\" > /dev/null\nif [ $? != 0 ] ; then\n    # print error to STDERR\n    echo \"error: The sandbox is not in sync with the Podfile.lock. Run 'pod install' or update your CocoaPods installation.\" >&2\n    exit 1\nfi\n# This output is used by Xcode 'outputs' to avoid re-running this script phase.\necho \"SUCCESS\" > \"${SCRIPT_OUTPUT_FILE_0}\"\n";
			showEnvVarsInLog = 0;
		};
		E075D93D445B7760DEF7BB4D /* [CP] Check Pods Manifest.lock */ = {
			isa = PBXShellScriptBuildPhase;
			buildActionMask = 2147483647;
			files = (
			);
			inputFileListPaths = (
			);
			inputPaths = (
				"${PODS_PODFILE_DIR_PATH}/Podfile.lock",
				"${PODS_ROOT}/Manifest.lock",
			);
			name = "[CP] Check Pods Manifest.lock";
			outputFileListPaths = (
			);
			outputPaths = (
				"$(DERIVED_FILE_DIR)/Pods-SkripsiSKWTests-checkManifestLockResult.txt",
			);
			runOnlyForDeploymentPostprocessing = 0;
			shellPath = /bin/sh;
			shellScript = "diff \"${PODS_PODFILE_DIR_PATH}/Podfile.lock\" \"${PODS_ROOT}/Manifest.lock\" > /dev/null\nif [ $? != 0 ] ; then\n    # print error to STDERR\n    echo \"error: The sandbox is not in sync with the Podfile.lock. Run 'pod install' or update your CocoaPods installation.\" >&2\n    exit 1\nfi\n# This output is used by Xcode 'outputs' to avoid re-running this script phase.\necho \"SUCCESS\" > \"${SCRIPT_OUTPUT_FILE_0}\"\n";
			showEnvVarsInLog = 0;
		};
		F513DE8DCD7E8C68CC75FE16 /* [CP] Embed Pods Frameworks */ = {
			isa = PBXShellScriptBuildPhase;
			buildActionMask = 2147483647;
			files = (
			);
			inputFileListPaths = (
				"${PODS_ROOT}/Target Support Files/Pods-SkripsiSKW-SkripsiSKWUITests/Pods-SkripsiSKW-SkripsiSKWUITests-frameworks-${CONFIGURATION}-input-files.xcfilelist",
			);
			name = "[CP] Embed Pods Frameworks";
			outputFileListPaths = (
				"${PODS_ROOT}/Target Support Files/Pods-SkripsiSKW-SkripsiSKWUITests/Pods-SkripsiSKW-SkripsiSKWUITests-frameworks-${CONFIGURATION}-output-files.xcfilelist",
			);
			runOnlyForDeploymentPostprocessing = 0;
			shellPath = /bin/sh;
			shellScript = "\"${PODS_ROOT}/Target Support Files/Pods-SkripsiSKW-SkripsiSKWUITests/Pods-SkripsiSKW-SkripsiSKWUITests-frameworks.sh\"\n";
			showEnvVarsInLog = 0;
		};
/* End PBXShellScriptBuildPhase section */

/* Begin PBXSourcesBuildPhase section */
		E1F88CF2276428F500357A45 /* Sources */ = {
			isa = PBXSourcesBuildPhase;
			buildActionMask = 2147483647;
			files = (
				E1F32E69276DEDAD0072E548 /* LoadingCard.swift in Sources */,
				6006B5B92771B4DB00177FFB /* BadgesGrid.swift in Sources */,
				E1F88D38276472E700357A45 /* Screen.swift in Sources */,
				E1C9B0C42767893800611DAE /* SessionViewModel.swift in Sources */,
				E1F32E65276DD2380072E548 /* ActivityIndicator.swift in Sources */,
				E1C9B0CF2767901D00611DAE /* SignUpViewModel.swift in Sources */,
				E1F88D3327645B1100357A45 /* FormField.swift in Sources */,
				E1F88D352764723800357A45 /* RoundedButton.swift in Sources */,
				E1C9B0BB276783CF00611DAE /* AppDelegate.swift in Sources */,
				6006B5B627719AD300177FFB /* BadgesView.swift in Sources */,
				E1F88CFC276428F500357A45 /* ContentView.swift in Sources */,
				E1F88D3C2764BB9B00357A45 /* SignUpView.swift in Sources */,
				E1F88CFA276428F500357A45 /* SkripsiSKWApp.swift in Sources */,
				E1C9B0D22767913E00611DAE /* SignInViewModel.swift in Sources */,
				E1F88D30276452AC00357A45 /* SignInView.swift in Sources */,
				E1F32E67276DD2B20072E548 /* ErrorText.swift in Sources */,
				E1C9B0C1276788BF00611DAE /* AuthManager.swift in Sources */,
				E1F32E62276DC54C0072E548 /* Validator.swift in Sources */,
				E1C9B0CA27678B1600611DAE /* ChallengesView.swift in Sources */,
				E1C9B0BE2767885A00611DAE /* User.swift in Sources */,
				E1C9B0CC27678E7000611DAE /* Encodable+Ext.swift in Sources */,
				E1C9B0C627678AC700611DAE /* Decodable+Ext.swift in Sources */,
				E1F88D292764511200357A45 /* Color+Ext.swift in Sources */,
			);
			runOnlyForDeploymentPostprocessing = 0;
		};
		E1F88D02276428F600357A45 /* Sources */ = {
			isa = PBXSourcesBuildPhase;
			buildActionMask = 2147483647;
			files = (
				E1F88D0B276428F600357A45 /* SkripsiSKWTests.swift in Sources */,
			);
			runOnlyForDeploymentPostprocessing = 0;
		};
		E1F88D0C276428F600357A45 /* Sources */ = {
			isa = PBXSourcesBuildPhase;
			buildActionMask = 2147483647;
			files = (
				E1F88D17276428F600357A45 /* SkripsiSKWUITestsLaunchTests.swift in Sources */,
				E1F88D15276428F600357A45 /* SkripsiSKWUITests.swift in Sources */,
			);
			runOnlyForDeploymentPostprocessing = 0;
		};
/* End PBXSourcesBuildPhase section */

/* Begin PBXTargetDependency section */
		E1F88D08276428F600357A45 /* PBXTargetDependency */ = {
			isa = PBXTargetDependency;
			target = E1F88CF5276428F500357A45 /* SkripsiSKW */;
			targetProxy = E1F88D07276428F600357A45 /* PBXContainerItemProxy */;
		};
		E1F88D12276428F600357A45 /* PBXTargetDependency */ = {
			isa = PBXTargetDependency;
			target = E1F88CF5276428F500357A45 /* SkripsiSKW */;
			targetProxy = E1F88D11276428F600357A45 /* PBXContainerItemProxy */;
		};
/* End PBXTargetDependency section */

/* Begin XCBuildConfiguration section */
		E1F88D18276428F600357A45 /* Debug */ = {
			isa = XCBuildConfiguration;
			buildSettings = {
				ALWAYS_SEARCH_USER_PATHS = NO;
				CLANG_ANALYZER_NONNULL = YES;
				CLANG_ANALYZER_NUMBER_OBJECT_CONVERSION = YES_AGGRESSIVE;
				CLANG_CXX_LANGUAGE_STANDARD = "gnu++17";
				CLANG_CXX_LIBRARY = "libc++";
				CLANG_ENABLE_MODULES = YES;
				CLANG_ENABLE_OBJC_ARC = YES;
				CLANG_ENABLE_OBJC_WEAK = YES;
				CLANG_WARN_BLOCK_CAPTURE_AUTORELEASING = YES;
				CLANG_WARN_BOOL_CONVERSION = YES;
				CLANG_WARN_COMMA = YES;
				CLANG_WARN_CONSTANT_CONVERSION = YES;
				CLANG_WARN_DEPRECATED_OBJC_IMPLEMENTATIONS = YES;
				CLANG_WARN_DIRECT_OBJC_ISA_USAGE = YES_ERROR;
				CLANG_WARN_DOCUMENTATION_COMMENTS = YES;
				CLANG_WARN_EMPTY_BODY = YES;
				CLANG_WARN_ENUM_CONVERSION = YES;
				CLANG_WARN_INFINITE_RECURSION = YES;
				CLANG_WARN_INT_CONVERSION = YES;
				CLANG_WARN_NON_LITERAL_NULL_CONVERSION = YES;
				CLANG_WARN_OBJC_IMPLICIT_RETAIN_SELF = YES;
				CLANG_WARN_OBJC_LITERAL_CONVERSION = YES;
				CLANG_WARN_OBJC_ROOT_CLASS = YES_ERROR;
				CLANG_WARN_QUOTED_INCLUDE_IN_FRAMEWORK_HEADER = YES;
				CLANG_WARN_RANGE_LOOP_ANALYSIS = YES;
				CLANG_WARN_STRICT_PROTOTYPES = YES;
				CLANG_WARN_SUSPICIOUS_MOVE = YES;
				CLANG_WARN_UNGUARDED_AVAILABILITY = YES_AGGRESSIVE;
				CLANG_WARN_UNREACHABLE_CODE = YES;
				CLANG_WARN__DUPLICATE_METHOD_MATCH = YES;
				COPY_PHASE_STRIP = NO;
				DEBUG_INFORMATION_FORMAT = dwarf;
				ENABLE_STRICT_OBJC_MSGSEND = YES;
				ENABLE_TESTABILITY = YES;
				GCC_C_LANGUAGE_STANDARD = gnu11;
				GCC_DYNAMIC_NO_PIC = NO;
				GCC_NO_COMMON_BLOCKS = YES;
				GCC_OPTIMIZATION_LEVEL = 0;
				GCC_PREPROCESSOR_DEFINITIONS = (
					"DEBUG=1",
					"$(inherited)",
				);
				GCC_WARN_64_TO_32_BIT_CONVERSION = YES;
				GCC_WARN_ABOUT_RETURN_TYPE = YES_ERROR;
				GCC_WARN_UNDECLARED_SELECTOR = YES;
				GCC_WARN_UNINITIALIZED_AUTOS = YES_AGGRESSIVE;
				GCC_WARN_UNUSED_FUNCTION = YES;
				GCC_WARN_UNUSED_VARIABLE = YES;
				IPHONEOS_DEPLOYMENT_TARGET = 14.0;
				MTL_ENABLE_DEBUG_INFO = INCLUDE_SOURCE;
				MTL_FAST_MATH = YES;
				ONLY_ACTIVE_ARCH = YES;
				SDKROOT = iphoneos;
				SWIFT_ACTIVE_COMPILATION_CONDITIONS = DEBUG;
				SWIFT_OPTIMIZATION_LEVEL = "-Onone";
			};
			name = Debug;
		};
		E1F88D19276428F600357A45 /* Release */ = {
			isa = XCBuildConfiguration;
			buildSettings = {
				ALWAYS_SEARCH_USER_PATHS = NO;
				CLANG_ANALYZER_NONNULL = YES;
				CLANG_ANALYZER_NUMBER_OBJECT_CONVERSION = YES_AGGRESSIVE;
				CLANG_CXX_LANGUAGE_STANDARD = "gnu++17";
				CLANG_CXX_LIBRARY = "libc++";
				CLANG_ENABLE_MODULES = YES;
				CLANG_ENABLE_OBJC_ARC = YES;
				CLANG_ENABLE_OBJC_WEAK = YES;
				CLANG_WARN_BLOCK_CAPTURE_AUTORELEASING = YES;
				CLANG_WARN_BOOL_CONVERSION = YES;
				CLANG_WARN_COMMA = YES;
				CLANG_WARN_CONSTANT_CONVERSION = YES;
				CLANG_WARN_DEPRECATED_OBJC_IMPLEMENTATIONS = YES;
				CLANG_WARN_DIRECT_OBJC_ISA_USAGE = YES_ERROR;
				CLANG_WARN_DOCUMENTATION_COMMENTS = YES;
				CLANG_WARN_EMPTY_BODY = YES;
				CLANG_WARN_ENUM_CONVERSION = YES;
				CLANG_WARN_INFINITE_RECURSION = YES;
				CLANG_WARN_INT_CONVERSION = YES;
				CLANG_WARN_NON_LITERAL_NULL_CONVERSION = YES;
				CLANG_WARN_OBJC_IMPLICIT_RETAIN_SELF = YES;
				CLANG_WARN_OBJC_LITERAL_CONVERSION = YES;
				CLANG_WARN_OBJC_ROOT_CLASS = YES_ERROR;
				CLANG_WARN_QUOTED_INCLUDE_IN_FRAMEWORK_HEADER = YES;
				CLANG_WARN_RANGE_LOOP_ANALYSIS = YES;
				CLANG_WARN_STRICT_PROTOTYPES = YES;
				CLANG_WARN_SUSPICIOUS_MOVE = YES;
				CLANG_WARN_UNGUARDED_AVAILABILITY = YES_AGGRESSIVE;
				CLANG_WARN_UNREACHABLE_CODE = YES;
				CLANG_WARN__DUPLICATE_METHOD_MATCH = YES;
				COPY_PHASE_STRIP = NO;
				DEBUG_INFORMATION_FORMAT = "dwarf-with-dsym";
				ENABLE_NS_ASSERTIONS = NO;
				ENABLE_STRICT_OBJC_MSGSEND = YES;
				GCC_C_LANGUAGE_STANDARD = gnu11;
				GCC_NO_COMMON_BLOCKS = YES;
				GCC_WARN_64_TO_32_BIT_CONVERSION = YES;
				GCC_WARN_ABOUT_RETURN_TYPE = YES_ERROR;
				GCC_WARN_UNDECLARED_SELECTOR = YES;
				GCC_WARN_UNINITIALIZED_AUTOS = YES_AGGRESSIVE;
				GCC_WARN_UNUSED_FUNCTION = YES;
				GCC_WARN_UNUSED_VARIABLE = YES;
				IPHONEOS_DEPLOYMENT_TARGET = 14.0;
				MTL_ENABLE_DEBUG_INFO = NO;
				MTL_FAST_MATH = YES;
				SDKROOT = iphoneos;
				SWIFT_COMPILATION_MODE = wholemodule;
				SWIFT_OPTIMIZATION_LEVEL = "-O";
				VALIDATE_PRODUCT = YES;
			};
			name = Release;
		};
		E1F88D1B276428F600357A45 /* Debug */ = {
			isa = XCBuildConfiguration;
			baseConfigurationReference = 96565C964DF2ACB2F357A178 /* Pods-SkripsiSKW.debug.xcconfig */;
			buildSettings = {
				ASSETCATALOG_COMPILER_APPICON_NAME = AppIcon;
				ASSETCATALOG_COMPILER_GLOBAL_ACCENT_COLOR_NAME = AccentColor;
				CODE_SIGN_STYLE = Automatic;
				CURRENT_PROJECT_VERSION = 1;
				DEVELOPMENT_ASSET_PATHS = "\"SkripsiSKW/Preview Content\"";
				DEVELOPMENT_TEAM = A5LXCCW6FT;
				ENABLE_PREVIEWS = YES;
				GENERATE_INFOPLIST_FILE = YES;
				INFOPLIST_KEY_UIApplicationSceneManifest_Generation = YES;
				INFOPLIST_KEY_UIApplicationSupportsIndirectInputEvents = YES;
				INFOPLIST_KEY_UILaunchScreen_Generation = YES;
				INFOPLIST_KEY_UISupportedInterfaceOrientations_iPad = "UIInterfaceOrientationPortrait UIInterfaceOrientationPortraitUpsideDown UIInterfaceOrientationLandscapeLeft UIInterfaceOrientationLandscapeRight";
				INFOPLIST_KEY_UISupportedInterfaceOrientations_iPhone = "UIInterfaceOrientationPortrait UIInterfaceOrientationLandscapeLeft UIInterfaceOrientationLandscapeRight";
				IPHONEOS_DEPLOYMENT_TARGET = 14.0;
				LD_RUNPATH_SEARCH_PATHS = (
					"$(inherited)",
					"@executable_path/Frameworks",
				);
				MARKETING_VERSION = 1.0;
				PRODUCT_BUNDLE_IDENTIFIER = com.skw.SkripsiSKW;
				PRODUCT_NAME = "$(TARGET_NAME)";
				SWIFT_EMIT_LOC_STRINGS = YES;
				SWIFT_VERSION = 5.0;
				TARGETED_DEVICE_FAMILY = "1,2";
			};
			name = Debug;
		};
		E1F88D1C276428F600357A45 /* Release */ = {
			isa = XCBuildConfiguration;
			baseConfigurationReference = 2DF39FE1CA26C36D5F54FB87 /* Pods-SkripsiSKW.release.xcconfig */;
			buildSettings = {
				ASSETCATALOG_COMPILER_APPICON_NAME = AppIcon;
				ASSETCATALOG_COMPILER_GLOBAL_ACCENT_COLOR_NAME = AccentColor;
				CODE_SIGN_STYLE = Automatic;
				CURRENT_PROJECT_VERSION = 1;
				DEVELOPMENT_ASSET_PATHS = "\"SkripsiSKW/Preview Content\"";
				DEVELOPMENT_TEAM = A5LXCCW6FT;
				ENABLE_PREVIEWS = YES;
				GENERATE_INFOPLIST_FILE = YES;
				INFOPLIST_KEY_UIApplicationSceneManifest_Generation = YES;
				INFOPLIST_KEY_UIApplicationSupportsIndirectInputEvents = YES;
				INFOPLIST_KEY_UILaunchScreen_Generation = YES;
				INFOPLIST_KEY_UISupportedInterfaceOrientations_iPad = "UIInterfaceOrientationPortrait UIInterfaceOrientationPortraitUpsideDown UIInterfaceOrientationLandscapeLeft UIInterfaceOrientationLandscapeRight";
				INFOPLIST_KEY_UISupportedInterfaceOrientations_iPhone = "UIInterfaceOrientationPortrait UIInterfaceOrientationLandscapeLeft UIInterfaceOrientationLandscapeRight";
				IPHONEOS_DEPLOYMENT_TARGET = 14.0;
				LD_RUNPATH_SEARCH_PATHS = (
					"$(inherited)",
					"@executable_path/Frameworks",
				);
				MARKETING_VERSION = 1.0;
				PRODUCT_BUNDLE_IDENTIFIER = com.skw.SkripsiSKW;
				PRODUCT_NAME = "$(TARGET_NAME)";
				SWIFT_EMIT_LOC_STRINGS = YES;
				SWIFT_VERSION = 5.0;
				TARGETED_DEVICE_FAMILY = "1,2";
			};
			name = Release;
		};
		E1F88D1E276428F600357A45 /* Debug */ = {
			isa = XCBuildConfiguration;
			baseConfigurationReference = 43425A1B2668FFB659F9BC87 /* Pods-SkripsiSKWTests.debug.xcconfig */;
			buildSettings = {
				ALWAYS_EMBED_SWIFT_STANDARD_LIBRARIES = YES;
				BUNDLE_LOADER = "$(TEST_HOST)";
				CODE_SIGN_STYLE = Automatic;
				CURRENT_PROJECT_VERSION = 1;
				DEVELOPMENT_TEAM = A5LXCCW6FT;
				GENERATE_INFOPLIST_FILE = YES;
				IPHONEOS_DEPLOYMENT_TARGET = 14.0;
				LD_RUNPATH_SEARCH_PATHS = (
					"$(inherited)",
					"@executable_path/Frameworks",
					"@loader_path/Frameworks",
				);
				MARKETING_VERSION = 1.0;
				PRODUCT_BUNDLE_IDENTIFIER = com.skw.SkripsiSKWTests;
				PRODUCT_NAME = "$(TARGET_NAME)";
				SWIFT_EMIT_LOC_STRINGS = NO;
				SWIFT_VERSION = 5.0;
				TARGETED_DEVICE_FAMILY = "1,2";
				TEST_HOST = "$(BUILT_PRODUCTS_DIR)/SkripsiSKW.app/SkripsiSKW";
			};
			name = Debug;
		};
		E1F88D1F276428F600357A45 /* Release */ = {
			isa = XCBuildConfiguration;
			baseConfigurationReference = 40EDACAC5A9A5A5D5D4F49D1 /* Pods-SkripsiSKWTests.release.xcconfig */;
			buildSettings = {
				ALWAYS_EMBED_SWIFT_STANDARD_LIBRARIES = YES;
				BUNDLE_LOADER = "$(TEST_HOST)";
				CODE_SIGN_STYLE = Automatic;
				CURRENT_PROJECT_VERSION = 1;
				DEVELOPMENT_TEAM = A5LXCCW6FT;
				GENERATE_INFOPLIST_FILE = YES;
				IPHONEOS_DEPLOYMENT_TARGET = 14.0;
				LD_RUNPATH_SEARCH_PATHS = (
					"$(inherited)",
					"@executable_path/Frameworks",
					"@loader_path/Frameworks",
				);
				MARKETING_VERSION = 1.0;
				PRODUCT_BUNDLE_IDENTIFIER = com.skw.SkripsiSKWTests;
				PRODUCT_NAME = "$(TARGET_NAME)";
				SWIFT_EMIT_LOC_STRINGS = NO;
				SWIFT_VERSION = 5.0;
				TARGETED_DEVICE_FAMILY = "1,2";
				TEST_HOST = "$(BUILT_PRODUCTS_DIR)/SkripsiSKW.app/SkripsiSKW";
			};
			name = Release;
		};
		E1F88D21276428F600357A45 /* Debug */ = {
			isa = XCBuildConfiguration;
			baseConfigurationReference = 8838076E1490E903C83A6062 /* Pods-SkripsiSKW-SkripsiSKWUITests.debug.xcconfig */;
			buildSettings = {
				ALWAYS_EMBED_SWIFT_STANDARD_LIBRARIES = YES;
				CODE_SIGN_STYLE = Automatic;
				CURRENT_PROJECT_VERSION = 1;
				DEVELOPMENT_TEAM = A5LXCCW6FT;
				GENERATE_INFOPLIST_FILE = YES;
				LD_RUNPATH_SEARCH_PATHS = (
					"$(inherited)",
					"@executable_path/Frameworks",
					"@loader_path/Frameworks",
				);
				MARKETING_VERSION = 1.0;
				PRODUCT_BUNDLE_IDENTIFIER = com.skw.SkripsiSKWUITests;
				PRODUCT_NAME = "$(TARGET_NAME)";
				SWIFT_EMIT_LOC_STRINGS = NO;
				SWIFT_VERSION = 5.0;
				TARGETED_DEVICE_FAMILY = "1,2";
				TEST_TARGET_NAME = SkripsiSKW;
			};
			name = Debug;
		};
		E1F88D22276428F600357A45 /* Release */ = {
			isa = XCBuildConfiguration;
			baseConfigurationReference = B3671EDFA3CF35AEC2BF12B3 /* Pods-SkripsiSKW-SkripsiSKWUITests.release.xcconfig */;
			buildSettings = {
				ALWAYS_EMBED_SWIFT_STANDARD_LIBRARIES = YES;
				CODE_SIGN_STYLE = Automatic;
				CURRENT_PROJECT_VERSION = 1;
				DEVELOPMENT_TEAM = A5LXCCW6FT;
				GENERATE_INFOPLIST_FILE = YES;
				LD_RUNPATH_SEARCH_PATHS = (
					"$(inherited)",
					"@executable_path/Frameworks",
					"@loader_path/Frameworks",
				);
				MARKETING_VERSION = 1.0;
				PRODUCT_BUNDLE_IDENTIFIER = com.skw.SkripsiSKWUITests;
				PRODUCT_NAME = "$(TARGET_NAME)";
				SWIFT_EMIT_LOC_STRINGS = NO;
				SWIFT_VERSION = 5.0;
				TARGETED_DEVICE_FAMILY = "1,2";
				TEST_TARGET_NAME = SkripsiSKW;
			};
			name = Release;
		};
/* End XCBuildConfiguration section */

/* Begin XCConfigurationList section */
		E1F88CF1276428F500357A45 /* Build configuration list for PBXProject "SkripsiSKW" */ = {
			isa = XCConfigurationList;
			buildConfigurations = (
				E1F88D18276428F600357A45 /* Debug */,
				E1F88D19276428F600357A45 /* Release */,
			);
			defaultConfigurationIsVisible = 0;
			defaultConfigurationName = Release;
		};
		E1F88D1A276428F600357A45 /* Build configuration list for PBXNativeTarget "SkripsiSKW" */ = {
			isa = XCConfigurationList;
			buildConfigurations = (
				E1F88D1B276428F600357A45 /* Debug */,
				E1F88D1C276428F600357A45 /* Release */,
			);
			defaultConfigurationIsVisible = 0;
			defaultConfigurationName = Release;
		};
		E1F88D1D276428F600357A45 /* Build configuration list for PBXNativeTarget "SkripsiSKWTests" */ = {
			isa = XCConfigurationList;
			buildConfigurations = (
				E1F88D1E276428F600357A45 /* Debug */,
				E1F88D1F276428F600357A45 /* Release */,
			);
			defaultConfigurationIsVisible = 0;
			defaultConfigurationName = Release;
		};
		E1F88D20276428F600357A45 /* Build configuration list for PBXNativeTarget "SkripsiSKWUITests" */ = {
			isa = XCConfigurationList;
			buildConfigurations = (
				E1F88D21276428F600357A45 /* Debug */,
				E1F88D22276428F600357A45 /* Release */,
			);
			defaultConfigurationIsVisible = 0;
			defaultConfigurationName = Release;
		};
/* End XCConfigurationList section */
	};
	rootObject = E1F88CEE276428F500357A45 /* Project object */;
}
