// !$*UTF8*$!
{
	archiveVersion = 1;
	classes = {
	};
	objectVersion = 55;
	objects = {

/* Begin PBXBuildFile section */
		E1F88CFA276428F500357A45 /* SkripsiSKWApp.swift in Sources */ = {isa = PBXBuildFile; fileRef = E1F88CF9276428F500357A45 /* SkripsiSKWApp.swift */; };
		E1F88CFC276428F500357A45 /* ContentView.swift in Sources */ = {isa = PBXBuildFile; fileRef = E1F88CFB276428F500357A45 /* ContentView.swift */; };
		E1F88CFE276428F600357A45 /* Assets.xcassets in Resources */ = {isa = PBXBuildFile; fileRef = E1F88CFD276428F600357A45 /* Assets.xcassets */; };
		E1F88D01276428F600357A45 /* Preview Assets.xcassets in Resources */ = {isa = PBXBuildFile; fileRef = E1F88D00276428F600357A45 /* Preview Assets.xcassets */; };
		E1F88D0B276428F600357A45 /* SkripsiSKWTests.swift in Sources */ = {isa = PBXBuildFile; fileRef = E1F88D0A276428F600357A45 /* SkripsiSKWTests.swift */; };
		E1F88D15276428F600357A45 /* SkripsiSKWUITests.swift in Sources */ = {isa = PBXBuildFile; fileRef = E1F88D14276428F600357A45 /* SkripsiSKWUITests.swift */; };
		E1F88D17276428F600357A45 /* SkripsiSKWUITestsLaunchTests.swift in Sources */ = {isa = PBXBuildFile; fileRef = E1F88D16276428F600357A45 /* SkripsiSKWUITestsLaunchTests.swift */; };
		E1F88D292764511200357A45 /* Color+Ext.swift in Sources */ = {isa = PBXBuildFile; fileRef = E1F88D282764511200357A45 /* Color+Ext.swift */; };
		E1F88D30276452AC00357A45 /* SignInView.swift in Sources */ = {isa = PBXBuildFile; fileRef = E1F88D2F276452AC00357A45 /* SignInView.swift */; };
/* End PBXBuildFile section */

/* Begin PBXContainerItemProxy section */
		E1F88D07276428F600357A45 /* PBXContainerItemProxy */ = {
			isa = PBXContainerItemProxy;
			containerPortal = E1F88CEE276428F500357A45 /* Project object */;
			proxyType = 1;
			remoteGlobalIDString = E1F88CF5276428F500357A45;
			remoteInfo = SkripsiSKW;
		};
		E1F88D11276428F600357A45 /* PBXContainerItemProxy */ = {
			isa = PBXContainerItemProxy;
			containerPortal = E1F88CEE276428F500357A45 /* Project object */;
			proxyType = 1;
			remoteGlobalIDString = E1F88CF5276428F500357A45;
			remoteInfo = SkripsiSKW;
		};
/* End PBXContainerItemProxy section */

/* Begin PBXFileReference section */
		E1F88CF6276428F500357A45 /* SkripsiSKW.app */ = {isa = PBXFileReference; explicitFileType = wrapper.application; includeInIndex = 0; path = SkripsiSKW.app; sourceTree = BUILT_PRODUCTS_DIR; };
		E1F88CF9276428F500357A45 /* SkripsiSKWApp.swift */ = {isa = PBXFileReference; lastKnownFileType = sourcecode.swift; path = SkripsiSKWApp.swift; sourceTree = "<group>"; };
		E1F88CFB276428F500357A45 /* ContentView.swift */ = {isa = PBXFileReference; lastKnownFileType = sourcecode.swift; path = ContentView.swift; sourceTree = "<group>"; };
		E1F88CFD276428F600357A45 /* Assets.xcassets */ = {isa = PBXFileReference; lastKnownFileType = folder.assetcatalog; path = Assets.xcassets; sourceTree = "<group>"; };
		E1F88D00276428F600357A45 /* Preview Assets.xcassets */ = {isa = PBXFileReference; lastKnownFileType = folder.assetcatalog; path = "Preview Assets.xcassets"; sourceTree = "<group>"; };
		E1F88D06276428F600357A45 /* SkripsiSKWTests.xctest */ = {isa = PBXFileReference; explicitFileType = wrapper.cfbundle; includeInIndex = 0; path = SkripsiSKWTests.xctest; sourceTree = BUILT_PRODUCTS_DIR; };
		E1F88D0A276428F600357A45 /* SkripsiSKWTests.swift */ = {isa = PBXFileReference; lastKnownFileType = sourcecode.swift; path = SkripsiSKWTests.swift; sourceTree = "<group>"; };
		E1F88D10276428F600357A45 /* SkripsiSKWUITests.xctest */ = {isa = PBXFileReference; explicitFileType = wrapper.cfbundle; includeInIndex = 0; path = SkripsiSKWUITests.xctest; sourceTree = BUILT_PRODUCTS_DIR; };
		E1F88D14276428F600357A45 /* SkripsiSKWUITests.swift */ = {isa = PBXFileReference; lastKnownFileType = sourcecode.swift; path = SkripsiSKWUITests.swift; sourceTree = "<group>"; };
		E1F88D16276428F600357A45 /* SkripsiSKWUITestsLaunchTests.swift */ = {isa = PBXFileReference; lastKnownFileType = sourcecode.swift; path = SkripsiSKWUITestsLaunchTests.swift; sourceTree = "<group>"; };
		E1F88D282764511200357A45 /* Color+Ext.swift */ = {isa = PBXFileReference; lastKnownFileType = sourcecode.swift; path = "Color+Ext.swift"; sourceTree = "<group>"; };
		E1F88D2F276452AC00357A45 /* SignInView.swift */ = {isa = PBXFileReference; lastKnownFileType = sourcecode.swift; path = SignInView.swift; sourceTree = "<group>"; };
/* End PBXFileReference section */

/* Begin PBXFrameworksBuildPhase section */
		E1F88CF3276428F500357A45 /* Frameworks */ = {
			isa = PBXFrameworksBuildPhase;
			buildActionMask = 2147483647;
			files = (
			);
			runOnlyForDeploymentPostprocessing = 0;
		};
		E1F88D03276428F600357A45 /* Frameworks */ = {
			isa = PBXFrameworksBuildPhase;
			buildActionMask = 2147483647;
			files = (
			);
			runOnlyForDeploymentPostprocessing = 0;
		};
		E1F88D0D276428F600357A45 /* Frameworks */ = {
			isa = PBXFrameworksBuildPhase;
			buildActionMask = 2147483647;
			files = (
			);
			runOnlyForDeploymentPostprocessing = 0;
		};
/* End PBXFrameworksBuildPhase section */

/* Begin PBXGroup section */
		E1F88CED276428F500357A45 = {
			isa = PBXGroup;
			children = (
				E1F88CF8276428F500357A45 /* SkripsiSKW */,
				E1F88D09276428F600357A45 /* SkripsiSKWTests */,
				E1F88D13276428F600357A45 /* SkripsiSKWUITests */,
				E1F88CF7276428F500357A45 /* Products */,
			);
			sourceTree = "<group>";
		};
		E1F88CF7276428F500357A45 /* Products */ = {
			isa = PBXGroup;
			children = (
				E1F88CF6276428F500357A45 /* SkripsiSKW.app */,
				E1F88D06276428F600357A45 /* SkripsiSKWTests.xctest */,
				E1F88D10276428F600357A45 /* SkripsiSKWUITests.xctest */,
			);
			name = Products;
			sourceTree = "<group>";
		};
		E1F88CF8276428F500357A45 /* SkripsiSKW */ = {
			isa = PBXGroup;
			children = (
				E1F88D26276450F100357A45 /* App */,
				E1F88D25276450E400357A45 /* Navigation */,
				E1F88D2B2764515F00357A45 /* Authentication */,
				E1F88D23276450D700357A45 /* Utils */,
				E1F88D24276450DC00357A45 /* Resources */,
				E1F88CFF276428F600357A45 /* Preview Content */,
			);
			path = SkripsiSKW;
			sourceTree = "<group>";
		};
		E1F88CFF276428F600357A45 /* Preview Content */ = {
			isa = PBXGroup;
			children = (
				E1F88D00276428F600357A45 /* Preview Assets.xcassets */,
			);
			path = "Preview Content";
			sourceTree = "<group>";
		};
		E1F88D09276428F600357A45 /* SkripsiSKWTests */ = {
			isa = PBXGroup;
			children = (
				E1F88D0A276428F600357A45 /* SkripsiSKWTests.swift */,
			);
			path = SkripsiSKWTests;
			sourceTree = "<group>";
		};
		E1F88D13276428F600357A45 /* SkripsiSKWUITests */ = {
			isa = PBXGroup;
			children = (
				E1F88D14276428F600357A45 /* SkripsiSKWUITests.swift */,
				E1F88D16276428F600357A45 /* SkripsiSKWUITestsLaunchTests.swift */,
			);
			path = SkripsiSKWUITests;
			sourceTree = "<group>";
		};
		E1F88D23276450D700357A45 /* Utils */ = {
			isa = PBXGroup;
			children = (
				E1F88D272764510000357A45 /* Extensions */,
			);
			path = Utils;
			sourceTree = "<group>";
		};
		E1F88D24276450DC00357A45 /* Resources */ = {
			isa = PBXGroup;
			children = (
				E1F88CFD276428F600357A45 /* Assets.xcassets */,
			);
			path = Resources;
			sourceTree = "<group>";
		};
		E1F88D25276450E400357A45 /* Navigation */ = {
			isa = PBXGroup;
			children = (
				E1F88CFB276428F500357A45 /* ContentView.swift */,
			);
			path = Navigation;
			sourceTree = "<group>";
		};
		E1F88D26276450F100357A45 /* App */ = {
			isa = PBXGroup;
			children = (
				E1F88CF9276428F500357A45 /* SkripsiSKWApp.swift */,
			);
			path = App;
			sourceTree = "<group>";
		};
		E1F88D272764510000357A45 /* Extensions */ = {
			isa = PBXGroup;
			children = (
				E1F88D282764511200357A45 /* Color+Ext.swift */,
			);
			path = Extensions;
			sourceTree = "<group>";
		};
		E1F88D2B2764515F00357A45 /* Authentication */ = {
			isa = PBXGroup;
			children = (
				E1F88D2C2764527800357A45 /* SignIn */,
			);
			path = Authentication;
			sourceTree = "<group>";
		};
		E1F88D2C2764527800357A45 /* SignIn */ = {
			isa = PBXGroup;
			children = (
				E1F88D2D2764528C00357A45 /* Views */,
			);
			path = SignIn;
			sourceTree = "<group>";
		};
		E1F88D2D2764528C00357A45 /* Views */ = {
			isa = PBXGroup;
			children = (
				E1F88D2F276452AC00357A45 /* SignInView.swift */,
			);
			path = Views;
			sourceTree = "<group>";
		};
/* End PBXGroup section */

/* Begin PBXNativeTarget section */
		E1F88CF5276428F500357A45 /* SkripsiSKW */ = {
			isa = PBXNativeTarget;
			buildConfigurationList = E1F88D1A276428F600357A45 /* Build configuration list for PBXNativeTarget "SkripsiSKW" */;
			buildPhases = (
				E1F88CF2276428F500357A45 /* Sources */,
				E1F88CF3276428F500357A45 /* Frameworks */,
				E1F88CF4276428F500357A45 /* Resources */,
			);
			buildRules = (
			);
			dependencies = (
			);
			name = SkripsiSKW;
			productName = SkripsiSKW;
			productReference = E1F88CF6276428F500357A45 /* SkripsiSKW.app */;
			productType = "com.apple.product-type.application";
		};
		E1F88D05276428F600357A45 /* SkripsiSKWTests */ = {
			isa = PBXNativeTarget;
			buildConfigurationList = E1F88D1D276428F600357A45 /* Build configuration list for PBXNativeTarget "SkripsiSKWTests" */;
			buildPhases = (
				E1F88D02276428F600357A45 /* Sources */,
				E1F88D03276428F600357A45 /* Frameworks */,
				E1F88D04276428F600357A45 /* Resources */,
			);
			buildRules = (
			);
			dependencies = (
				E1F88D08276428F600357A45 /* PBXTargetDependency */,
			);
			name = SkripsiSKWTests;
			productName = SkripsiSKWTests;
			productReference = E1F88D06276428F600357A45 /* SkripsiSKWTests.xctest */;
			productType = "com.apple.product-type.bundle.unit-test";
		};
		E1F88D0F276428F600357A45 /* SkripsiSKWUITests */ = {
			isa = PBXNativeTarget;
			buildConfigurationList = E1F88D20276428F600357A45 /* Build configuration list for PBXNativeTarget "SkripsiSKWUITests" */;
			buildPhases = (
				E1F88D0C276428F600357A45 /* Sources */,
				E1F88D0D276428F600357A45 /* Frameworks */,
				E1F88D0E276428F600357A45 /* Resources */,
			);
			buildRules = (
			);
			dependencies = (
				E1F88D12276428F600357A45 /* PBXTargetDependency */,
			);
			name = SkripsiSKWUITests;
			productName = SkripsiSKWUITests;
			productReference = E1F88D10276428F600357A45 /* SkripsiSKWUITests.xctest */;
			productType = "com.apple.product-type.bundle.ui-testing";
		};
/* End PBXNativeTarget section */

/* Begin PBXProject section */
		E1F88CEE276428F500357A45 /* Project object */ = {
			isa = PBXProject;
			attributes = {
				BuildIndependentTargetsInParallel = 1;
				LastSwiftUpdateCheck = 1310;
				LastUpgradeCheck = 1310;
				TargetAttributes = {
					E1F88CF5276428F500357A45 = {
						CreatedOnToolsVersion = 13.1;
					};
					E1F88D05276428F600357A45 = {
						CreatedOnToolsVersion = 13.1;
						TestTargetID = E1F88CF5276428F500357A45;
					};
					E1F88D0F276428F600357A45 = {
						CreatedOnToolsVersion = 13.1;
						TestTargetID = E1F88CF5276428F500357A45;
					};
				};
			};
			buildConfigurationList = E1F88CF1276428F500357A45 /* Build configuration list for PBXProject "SkripsiSKW" */;
			compatibilityVersion = "Xcode 13.0";
			developmentRegion = en;
			hasScannedForEncodings = 0;
			knownRegions = (
				en,
				Base,
			);
			mainGroup = E1F88CED276428F500357A45;
			productRefGroup = E1F88CF7276428F500357A45 /* Products */;
			projectDirPath = "";
			projectRoot = "";
			targets = (
				E1F88CF5276428F500357A45 /* SkripsiSKW */,
				E1F88D05276428F600357A45 /* SkripsiSKWTests */,
				E1F88D0F276428F600357A45 /* SkripsiSKWUITests */,
			);
		};
/* End PBXProject section */

/* Begin PBXResourcesBuildPhase section */
		E1F88CF4276428F500357A45 /* Resources */ = {
			isa = PBXResourcesBuildPhase;
			buildActionMask = 2147483647;
			files = (
				E1F88D01276428F600357A45 /* Preview Assets.xcassets in Resources */,
				E1F88CFE276428F600357A45 /* Assets.xcassets in Resources */,
			);
			runOnlyForDeploymentPostprocessing = 0;
		};
		E1F88D04276428F600357A45 /* Resources */ = {
			isa = PBXResourcesBuildPhase;
			buildActionMask = 2147483647;
			files = (
			);
			runOnlyForDeploymentPostprocessing = 0;
		};
		E1F88D0E276428F600357A45 /* Resources */ = {
			isa = PBXResourcesBuildPhase;
			buildActionMask = 2147483647;
			files = (
			);
			runOnlyForDeploymentPostprocessing = 0;
		};
/* End PBXResourcesBuildPhase section */

/* Begin PBXSourcesBuildPhase section */
		E1F88CF2276428F500357A45 /* Sources */ = {
			isa = PBXSourcesBuildPhase;
			buildActionMask = 2147483647;
			files = (
				E1F88CFC276428F500357A45 /* ContentView.swift in Sources */,
				E1F88CFA276428F500357A45 /* SkripsiSKWApp.swift in Sources */,
				E1F88D30276452AC00357A45 /* SignInView.swift in Sources */,
				E1F88D292764511200357A45 /* Color+Ext.swift in Sources */,
			);
			runOnlyForDeploymentPostprocessing = 0;
		};
		E1F88D02276428F600357A45 /* Sources */ = {
			isa = PBXSourcesBuildPhase;
			buildActionMask = 2147483647;
			files = (
				E1F88D0B276428F600357A45 /* SkripsiSKWTests.swift in Sources */,
			);
			runOnlyForDeploymentPostprocessing = 0;
		};
		E1F88D0C276428F600357A45 /* Sources */ = {
			isa = PBXSourcesBuildPhase;
			buildActionMask = 2147483647;
			files = (
				E1F88D17276428F600357A45 /* SkripsiSKWUITestsLaunchTests.swift in Sources */,
				E1F88D15276428F600357A45 /* SkripsiSKWUITests.swift in Sources */,
			);
			runOnlyForDeploymentPostprocessing = 0;
		};
/* End PBXSourcesBuildPhase section */

/* Begin PBXTargetDependency section */
		E1F88D08276428F600357A45 /* PBXTargetDependency */ = {
			isa = PBXTargetDependency;
			target = E1F88CF5276428F500357A45 /* SkripsiSKW */;
			targetProxy = E1F88D07276428F600357A45 /* PBXContainerItemProxy */;
		};
		E1F88D12276428F600357A45 /* PBXTargetDependency */ = {
			isa = PBXTargetDependency;
			target = E1F88CF5276428F500357A45 /* SkripsiSKW */;
			targetProxy = E1F88D11276428F600357A45 /* PBXContainerItemProxy */;
		};
/* End PBXTargetDependency section */

/* Begin XCBuildConfiguration section */
		E1F88D18276428F600357A45 /* Debug */ = {
			isa = XCBuildConfiguration;
			buildSettings = {
				ALWAYS_SEARCH_USER_PATHS = NO;
				CLANG_ANALYZER_NONNULL = YES;
				CLANG_ANALYZER_NUMBER_OBJECT_CONVERSION = YES_AGGRESSIVE;
				CLANG_CXX_LANGUAGE_STANDARD = "gnu++17";
				CLANG_CXX_LIBRARY = "libc++";
				CLANG_ENABLE_MODULES = YES;
				CLANG_ENABLE_OBJC_ARC = YES;
				CLANG_ENABLE_OBJC_WEAK = YES;
				CLANG_WARN_BLOCK_CAPTURE_AUTORELEASING = YES;
				CLANG_WARN_BOOL_CONVERSION = YES;
				CLANG_WARN_COMMA = YES;
				CLANG_WARN_CONSTANT_CONVERSION = YES;
				CLANG_WARN_DEPRECATED_OBJC_IMPLEMENTATIONS = YES;
				CLANG_WARN_DIRECT_OBJC_ISA_USAGE = YES_ERROR;
				CLANG_WARN_DOCUMENTATION_COMMENTS = YES;
				CLANG_WARN_EMPTY_BODY = YES;
				CLANG_WARN_ENUM_CONVERSION = YES;
				CLANG_WARN_INFINITE_RECURSION = YES;
				CLANG_WARN_INT_CONVERSION = YES;
				CLANG_WARN_NON_LITERAL_NULL_CONVERSION = YES;
				CLANG_WARN_OBJC_IMPLICIT_RETAIN_SELF = YES;
				CLANG_WARN_OBJC_LITERAL_CONVERSION = YES;
				CLANG_WARN_OBJC_ROOT_CLASS = YES_ERROR;
				CLANG_WARN_QUOTED_INCLUDE_IN_FRAMEWORK_HEADER = YES;
				CLANG_WARN_RANGE_LOOP_ANALYSIS = YES;
				CLANG_WARN_STRICT_PROTOTYPES = YES;
				CLANG_WARN_SUSPICIOUS_MOVE = YES;
				CLANG_WARN_UNGUARDED_AVAILABILITY = YES_AGGRESSIVE;
				CLANG_WARN_UNREACHABLE_CODE = YES;
				CLANG_WARN__DUPLICATE_METHOD_MATCH = YES;
				COPY_PHASE_STRIP = NO;
				DEBUG_INFORMATION_FORMAT = dwarf;
				ENABLE_STRICT_OBJC_MSGSEND = YES;
				ENABLE_TESTABILITY = YES;
				GCC_C_LANGUAGE_STANDARD = gnu11;
				GCC_DYNAMIC_NO_PIC = NO;
				GCC_NO_COMMON_BLOCKS = YES;
				GCC_OPTIMIZATION_LEVEL = 0;
				GCC_PREPROCESSOR_DEFINITIONS = (
					"DEBUG=1",
					"$(inherited)",
				);
				GCC_WARN_64_TO_32_BIT_CONVERSION = YES;
				GCC_WARN_ABOUT_RETURN_TYPE = YES_ERROR;
				GCC_WARN_UNDECLARED_SELECTOR = YES;
				GCC_WARN_UNINITIALIZED_AUTOS = YES_AGGRESSIVE;
				GCC_WARN_UNUSED_FUNCTION = YES;
				GCC_WARN_UNUSED_VARIABLE = YES;
				IPHONEOS_DEPLOYMENT_TARGET = 14.0;
				MTL_ENABLE_DEBUG_INFO = INCLUDE_SOURCE;
				MTL_FAST_MATH = YES;
				ONLY_ACTIVE_ARCH = YES;
				SDKROOT = iphoneos;
				SWIFT_ACTIVE_COMPILATION_CONDITIONS = DEBUG;
				SWIFT_OPTIMIZATION_LEVEL = "-Onone";
			};
			name = Debug;
		};
		E1F88D19276428F600357A45 /* Release */ = {
			isa = XCBuildConfiguration;
			buildSettings = {
				ALWAYS_SEARCH_USER_PATHS = NO;
				CLANG_ANALYZER_NONNULL = YES;
				CLANG_ANALYZER_NUMBER_OBJECT_CONVERSION = YES_AGGRESSIVE;
				CLANG_CXX_LANGUAGE_STANDARD = "gnu++17";
				CLANG_CXX_LIBRARY = "libc++";
				CLANG_ENABLE_MODULES = YES;
				CLANG_ENABLE_OBJC_ARC = YES;
				CLANG_ENABLE_OBJC_WEAK = YES;
				CLANG_WARN_BLOCK_CAPTURE_AUTORELEASING = YES;
				CLANG_WARN_BOOL_CONVERSION = YES;
				CLANG_WARN_COMMA = YES;
				CLANG_WARN_CONSTANT_CONVERSION = YES;
				CLANG_WARN_DEPRECATED_OBJC_IMPLEMENTATIONS = YES;
				CLANG_WARN_DIRECT_OBJC_ISA_USAGE = YES_ERROR;
				CLANG_WARN_DOCUMENTATION_COMMENTS = YES;
				CLANG_WARN_EMPTY_BODY = YES;
				CLANG_WARN_ENUM_CONVERSION = YES;
				CLANG_WARN_INFINITE_RECURSION = YES;
				CLANG_WARN_INT_CONVERSION = YES;
				CLANG_WARN_NON_LITERAL_NULL_CONVERSION = YES;
				CLANG_WARN_OBJC_IMPLICIT_RETAIN_SELF = YES;
				CLANG_WARN_OBJC_LITERAL_CONVERSION = YES;
				CLANG_WARN_OBJC_ROOT_CLASS = YES_ERROR;
				CLANG_WARN_QUOTED_INCLUDE_IN_FRAMEWORK_HEADER = YES;
				CLANG_WARN_RANGE_LOOP_ANALYSIS = YES;
				CLANG_WARN_STRICT_PROTOTYPES = YES;
				CLANG_WARN_SUSPICIOUS_MOVE = YES;
				CLANG_WARN_UNGUARDED_AVAILABILITY = YES_AGGRESSIVE;
				CLANG_WARN_UNREACHABLE_CODE = YES;
				CLANG_WARN__DUPLICATE_METHOD_MATCH = YES;
				COPY_PHASE_STRIP = NO;
				DEBUG_INFORMATION_FORMAT = "dwarf-with-dsym";
				ENABLE_NS_ASSERTIONS = NO;
				ENABLE_STRICT_OBJC_MSGSEND = YES;
				GCC_C_LANGUAGE_STANDARD = gnu11;
				GCC_NO_COMMON_BLOCKS = YES;
				GCC_WARN_64_TO_32_BIT_CONVERSION = YES;
				GCC_WARN_ABOUT_RETURN_TYPE = YES_ERROR;
				GCC_WARN_UNDECLARED_SELECTOR = YES;
				GCC_WARN_UNINITIALIZED_AUTOS = YES_AGGRESSIVE;
				GCC_WARN_UNUSED_FUNCTION = YES;
				GCC_WARN_UNUSED_VARIABLE = YES;
				IPHONEOS_DEPLOYMENT_TARGET = 14.0;
				MTL_ENABLE_DEBUG_INFO = NO;
				MTL_FAST_MATH = YES;
				SDKROOT = iphoneos;
				SWIFT_COMPILATION_MODE = wholemodule;
				SWIFT_OPTIMIZATION_LEVEL = "-O";
				VALIDATE_PRODUCT = YES;
			};
			name = Release;
		};
		E1F88D1B276428F600357A45 /* Debug */ = {
			isa = XCBuildConfiguration;
			buildSettings = {
				ASSETCATALOG_COMPILER_APPICON_NAME = AppIcon;
				ASSETCATALOG_COMPILER_GLOBAL_ACCENT_COLOR_NAME = AccentColor;
				CODE_SIGN_STYLE = Automatic;
				CURRENT_PROJECT_VERSION = 1;
				DEVELOPMENT_ASSET_PATHS = "\"SkripsiSKW/Preview Content\"";
				DEVELOPMENT_TEAM = A5LXCCW6FT;
				ENABLE_PREVIEWS = YES;
				GENERATE_INFOPLIST_FILE = YES;
				INFOPLIST_KEY_UIApplicationSceneManifest_Generation = YES;
				INFOPLIST_KEY_UIApplicationSupportsIndirectInputEvents = YES;
				INFOPLIST_KEY_UILaunchScreen_Generation = YES;
				INFOPLIST_KEY_UISupportedInterfaceOrientations_iPad = "UIInterfaceOrientationPortrait UIInterfaceOrientationPortraitUpsideDown UIInterfaceOrientationLandscapeLeft UIInterfaceOrientationLandscapeRight";
				INFOPLIST_KEY_UISupportedInterfaceOrientations_iPhone = "UIInterfaceOrientationPortrait UIInterfaceOrientationLandscapeLeft UIInterfaceOrientationLandscapeRight";
				IPHONEOS_DEPLOYMENT_TARGET = 14.0;
				LD_RUNPATH_SEARCH_PATHS = (
					"$(inherited)",
					"@executable_path/Frameworks",
				);
				MARKETING_VERSION = 1.0;
				PRODUCT_BUNDLE_IDENTIFIER = com.skw.SkripsiSKW;
				PRODUCT_NAME = "$(TARGET_NAME)";
				SWIFT_EMIT_LOC_STRINGS = YES;
				SWIFT_VERSION = 5.0;
				TARGETED_DEVICE_FAMILY = "1,2";
			};
			name = Debug;
		};
		E1F88D1C276428F600357A45 /* Release */ = {
			isa = XCBuildConfiguration;
			buildSettings = {
				ASSETCATALOG_COMPILER_APPICON_NAME = AppIcon;
				ASSETCATALOG_COMPILER_GLOBAL_ACCENT_COLOR_NAME = AccentColor;
				CODE_SIGN_STYLE = Automatic;
				CURRENT_PROJECT_VERSION = 1;
				DEVELOPMENT_ASSET_PATHS = "\"SkripsiSKW/Preview Content\"";
				DEVELOPMENT_TEAM = A5LXCCW6FT;
				ENABLE_PREVIEWS = YES;
				GENERATE_INFOPLIST_FILE = YES;
				INFOPLIST_KEY_UIApplicationSceneManifest_Generation = YES;
				INFOPLIST_KEY_UIApplicationSupportsIndirectInputEvents = YES;
				INFOPLIST_KEY_UILaunchScreen_Generation = YES;
				INFOPLIST_KEY_UISupportedInterfaceOrientations_iPad = "UIInterfaceOrientationPortrait UIInterfaceOrientationPortraitUpsideDown UIInterfaceOrientationLandscapeLeft UIInterfaceOrientationLandscapeRight";
				INFOPLIST_KEY_UISupportedInterfaceOrientations_iPhone = "UIInterfaceOrientationPortrait UIInterfaceOrientationLandscapeLeft UIInterfaceOrientationLandscapeRight";
				IPHONEOS_DEPLOYMENT_TARGET = 14.0;
				LD_RUNPATH_SEARCH_PATHS = (
					"$(inherited)",
					"@executable_path/Frameworks",
				);
				MARKETING_VERSION = 1.0;
				PRODUCT_BUNDLE_IDENTIFIER = com.skw.SkripsiSKW;
				PRODUCT_NAME = "$(TARGET_NAME)";
				SWIFT_EMIT_LOC_STRINGS = YES;
				SWIFT_VERSION = 5.0;
				TARGETED_DEVICE_FAMILY = "1,2";
			};
			name = Release;
		};
		E1F88D1E276428F600357A45 /* Debug */ = {
			isa = XCBuildConfiguration;
			buildSettings = {
				ALWAYS_EMBED_SWIFT_STANDARD_LIBRARIES = YES;
				BUNDLE_LOADER = "$(TEST_HOST)";
				CODE_SIGN_STYLE = Automatic;
				CURRENT_PROJECT_VERSION = 1;
				DEVELOPMENT_TEAM = A5LXCCW6FT;
				GENERATE_INFOPLIST_FILE = YES;
				IPHONEOS_DEPLOYMENT_TARGET = 14.0;
				LD_RUNPATH_SEARCH_PATHS = (
					"$(inherited)",
					"@executable_path/Frameworks",
					"@loader_path/Frameworks",
				);
				MARKETING_VERSION = 1.0;
				PRODUCT_BUNDLE_IDENTIFIER = com.skw.SkripsiSKWTests;
				PRODUCT_NAME = "$(TARGET_NAME)";
				SWIFT_EMIT_LOC_STRINGS = NO;
				SWIFT_VERSION = 5.0;
				TARGETED_DEVICE_FAMILY = "1,2";
				TEST_HOST = "$(BUILT_PRODUCTS_DIR)/SkripsiSKW.app/SkripsiSKW";
			};
			name = Debug;
		};
		E1F88D1F276428F600357A45 /* Release */ = {
			isa = XCBuildConfiguration;
			buildSettings = {
				ALWAYS_EMBED_SWIFT_STANDARD_LIBRARIES = YES;
				BUNDLE_LOADER = "$(TEST_HOST)";
				CODE_SIGN_STYLE = Automatic;
				CURRENT_PROJECT_VERSION = 1;
				DEVELOPMENT_TEAM = A5LXCCW6FT;
				GENERATE_INFOPLIST_FILE = YES;
				IPHONEOS_DEPLOYMENT_TARGET = 14.0;
				LD_RUNPATH_SEARCH_PATHS = (
					"$(inherited)",
					"@executable_path/Frameworks",
					"@loader_path/Frameworks",
				);
				MARKETING_VERSION = 1.0;
				PRODUCT_BUNDLE_IDENTIFIER = com.skw.SkripsiSKWTests;
				PRODUCT_NAME = "$(TARGET_NAME)";
				SWIFT_EMIT_LOC_STRINGS = NO;
				SWIFT_VERSION = 5.0;
				TARGETED_DEVICE_FAMILY = "1,2";
				TEST_HOST = "$(BUILT_PRODUCTS_DIR)/SkripsiSKW.app/SkripsiSKW";
			};
			name = Release;
		};
		E1F88D21276428F600357A45 /* Debug */ = {
			isa = XCBuildConfiguration;
			buildSettings = {
				ALWAYS_EMBED_SWIFT_STANDARD_LIBRARIES = YES;
				CODE_SIGN_STYLE = Automatic;
				CURRENT_PROJECT_VERSION = 1;
				DEVELOPMENT_TEAM = A5LXCCW6FT;
				GENERATE_INFOPLIST_FILE = YES;
				LD_RUNPATH_SEARCH_PATHS = (
					"$(inherited)",
					"@executable_path/Frameworks",
					"@loader_path/Frameworks",
				);
				MARKETING_VERSION = 1.0;
				PRODUCT_BUNDLE_IDENTIFIER = com.skw.SkripsiSKWUITests;
				PRODUCT_NAME = "$(TARGET_NAME)";
				SWIFT_EMIT_LOC_STRINGS = NO;
				SWIFT_VERSION = 5.0;
				TARGETED_DEVICE_FAMILY = "1,2";
				TEST_TARGET_NAME = SkripsiSKW;
			};
			name = Debug;
		};
		E1F88D22276428F600357A45 /* Release */ = {
			isa = XCBuildConfiguration;
			buildSettings = {
				ALWAYS_EMBED_SWIFT_STANDARD_LIBRARIES = YES;
				CODE_SIGN_STYLE = Automatic;
				CURRENT_PROJECT_VERSION = 1;
				DEVELOPMENT_TEAM = A5LXCCW6FT;
				GENERATE_INFOPLIST_FILE = YES;
				LD_RUNPATH_SEARCH_PATHS = (
					"$(inherited)",
					"@executable_path/Frameworks",
					"@loader_path/Frameworks",
				);
				MARKETING_VERSION = 1.0;
				PRODUCT_BUNDLE_IDENTIFIER = com.skw.SkripsiSKWUITests;
				PRODUCT_NAME = "$(TARGET_NAME)";
				SWIFT_EMIT_LOC_STRINGS = NO;
				SWIFT_VERSION = 5.0;
				TARGETED_DEVICE_FAMILY = "1,2";
				TEST_TARGET_NAME = SkripsiSKW;
			};
			name = Release;
		};
/* End XCBuildConfiguration section */

/* Begin XCConfigurationList section */
		E1F88CF1276428F500357A45 /* Build configuration list for PBXProject "SkripsiSKW" */ = {
			isa = XCConfigurationList;
			buildConfigurations = (
				E1F88D18276428F600357A45 /* Debug */,
				E1F88D19276428F600357A45 /* Release */,
			);
			defaultConfigurationIsVisible = 0;
			defaultConfigurationName = Release;
		};
		E1F88D1A276428F600357A45 /* Build configuration list for PBXNativeTarget "SkripsiSKW" */ = {
			isa = XCConfigurationList;
			buildConfigurations = (
				E1F88D1B276428F600357A45 /* Debug */,
				E1F88D1C276428F600357A45 /* Release */,
			);
			defaultConfigurationIsVisible = 0;
			defaultConfigurationName = Release;
		};
		E1F88D1D276428F600357A45 /* Build configuration list for PBXNativeTarget "SkripsiSKWTests" */ = {
			isa = XCConfigurationList;
			buildConfigurations = (
				E1F88D1E276428F600357A45 /* Debug */,
				E1F88D1F276428F600357A45 /* Release */,
			);
			defaultConfigurationIsVisible = 0;
			defaultConfigurationName = Release;
		};
		E1F88D20276428F600357A45 /* Build configuration list for PBXNativeTarget "SkripsiSKWUITests" */ = {
			isa = XCConfigurationList;
			buildConfigurations = (
				E1F88D21276428F600357A45 /* Debug */,
				E1F88D22276428F600357A45 /* Release */,
			);
			defaultConfigurationIsVisible = 0;
			defaultConfigurationName = Release;
		};
/* End XCConfigurationList section */
	};
	rootObject = E1F88CEE276428F500357A45 /* Project object */;
}
